
Microsoft Visual Studio Solution File, Format Version 12.00
# Visual Studio Version 17
VisualStudioVersion = 17.6.33723.286
MinimumVisualStudioVersion = 10.0.40219.1
Project("{FAE04EC0-301F-11D3-BF4B-00C04F79EFBC}") = "Home1 and 2", "Home1 and 2\Home1 and 2.csproj", "{BBBF2D71-C495-4BDF-8DA2-EAAEDB61AC8D}"
EndProject
Global
	GlobalSection(SolutionConfigurationPlatforms) = preSolution
		Debug|Any CPU = Debug|Any CPU
		Release|Any CPU = Release|Any CPU
	EndGlobalSection
	GlobalSection(ProjectConfigurationPlatforms) = postSolution
		{BBBF2D71-C495-4BDF-8DA2-EAAEDB61AC8D}.Debug|Any CPU.ActiveCfg = Debug|Any CPU
		{BBBF2D71-C495-4BDF-8DA2-EAAEDB61AC8D}.Debug|Any CPU.Build.0 = Debug|Any CPU
		{BBBF2D71-C495-4BDF-8DA2-EAAEDB61AC8D}.Release|Any CPU.ActiveCfg = Release|Any CPU
		{BBBF2D71-C495-4BDF-8DA2-EAAEDB61AC8D}.Release|Any CPU.Build.0 = Release|Any CPU
	EndGlobalSection
	GlobalSection(SolutionProperties) = preSolution
		HideSolutionNode = FALSE
	EndGlobalSection
	GlobalSection(ExtensibilityGlobals) = postSolution
		SolutionGuid = {BB548D31-AC5B-4D25-B65D-16E8EF69482D}
	EndGlobalSection
EndGlobal
